
Microsoft Visual Studio Solution File, Format Version 12.00
# Visual Studio Version 17
VisualStudioVersion = 17.11.35222.181
MinimumVisualStudioVersion = 10.0.40219.1
Project("{FAE04EC0-301F-11D3-BF4B-00C04F79EFBC}") = "ADO_disconnected_web_140924", "ADO_disconnected_web_140924.csproj", "{AF67C36F-B442-4BF7-B4CF-B602F271945E}"
EndProject
Global
	GlobalSection(SolutionConfigurationPlatforms) = preSolution
		Debug|Any CPU = Debug|Any CPU
		Release|Any CPU = Release|Any CPU
	EndGlobalSection
	GlobalSection(ProjectConfigurationPlatforms) = postSolution
		{AF67C36F-B442-4BF7-B4CF-B602F271945E}.Debug|Any CPU.ActiveCfg = Debug|Any CPU
		{AF67C36F-B442-4BF7-B4CF-B602F271945E}.Debug|Any CPU.Build.0 = Debug|Any CPU
		{AF67C36F-B442-4BF7-B4CF-B602F271945E}.Release|Any CPU.ActiveCfg = Release|Any CPU
		{AF67C36F-B442-4BF7-B4CF-B602F271945E}.Release|Any CPU.Build.0 = Release|Any CPU
	EndGlobalSection
	GlobalSection(SolutionProperties) = preSolution
		HideSolutionNode = FALSE
	EndGlobalSection
	GlobalSection(ExtensibilityGlobals) = postSolution
		SolutionGuid = {C92FA76D-C5AD-4AD6-AEA8-0D9B89749C0E}
	EndGlobalSection
EndGlobal
